// !$*UTF8*$!
{
	archiveVersion = 1;
	classes = {
	};
	objectVersion = 46;
	objects = {

/* Begin PBXBuildFile section */
		99E92B781A914F1400B5ACD7 /* AppDelegate.swift in Sources */ = {isa = PBXBuildFile; fileRef = 99E92B771A914F1400B5ACD7 /* AppDelegate.swift */; };
		99E92B7A1A914F1400B5ACD7 /* ViewController.swift in Sources */ = {isa = PBXBuildFile; fileRef = 99E92B791A914F1400B5ACD7 /* ViewController.swift */; };
		99E92B7D1A914F1400B5ACD7 /* Main.storyboard in Resources */ = {isa = PBXBuildFile; fileRef = 99E92B7B1A914F1400B5ACD7 /* Main.storyboard */; };
		99E92B7F1A914F1400B5ACD7 /* Images.xcassets in Resources */ = {isa = PBXBuildFile; fileRef = 99E92B7E1A914F1400B5ACD7 /* Images.xcassets */; };
		99E92B821A914F1400B5ACD7 /* LaunchScreen.xib in Resources */ = {isa = PBXBuildFile; fileRef = 99E92B801A914F1400B5ACD7 /* LaunchScreen.xib */; };
		99E92B8E1A914F1400B5ACD7 /* wineoTests.swift in Sources */ = {isa = PBXBuildFile; fileRef = 99E92B8D1A914F1400B5ACD7 /* wineoTests.swift */; };
		99E92B9A1A914F4200B5ACD7 /* ohai.c in Sources */ = {isa = PBXBuildFile; fileRef = 99E92B981A914F4200B5ACD7 /* ohai.c */; };
/* End PBXBuildFile section */

/* Begin PBXContainerItemProxy section */
		99E92B881A914F1400B5ACD7 /* PBXContainerItemProxy */ = {
			isa = PBXContainerItemProxy;
			containerPortal = 99E92B6A1A914F1400B5ACD7 /* Project object */;
			proxyType = 1;
			remoteGlobalIDString = 99E92B711A914F1400B5ACD7;
			remoteInfo = wineo;
		};
/* End PBXContainerItemProxy section */

/* Begin PBXFileReference section */
		99E92B721A914F1400B5ACD7 /* wineo.app */ = {isa = PBXFileReference; explicitFileType = wrapper.application; includeInIndex = 0; path = wineo.app; sourceTree = BUILT_PRODUCTS_DIR; };
		99E92B761A914F1400B5ACD7 /* Info.plist */ = {isa = PBXFileReference; lastKnownFileType = text.plist.xml; path = Info.plist; sourceTree = "<group>"; };
		99E92B771A914F1400B5ACD7 /* AppDelegate.swift */ = {isa = PBXFileReference; lastKnownFileType = sourcecode.swift; path = AppDelegate.swift; sourceTree = "<group>"; };
		99E92B791A914F1400B5ACD7 /* ViewController.swift */ = {isa = PBXFileReference; lastKnownFileType = sourcecode.swift; path = ViewController.swift; sourceTree = "<group>"; };
		99E92B7C1A914F1400B5ACD7 /* Base */ = {isa = PBXFileReference; lastKnownFileType = file.storyboard; name = Base; path = Base.lproj/Main.storyboard; sourceTree = "<group>"; };
		99E92B7E1A914F1400B5ACD7 /* Images.xcassets */ = {isa = PBXFileReference; lastKnownFileType = folder.assetcatalog; path = Images.xcassets; sourceTree = "<group>"; };
		99E92B811A914F1400B5ACD7 /* Base */ = {isa = PBXFileReference; lastKnownFileType = file.xib; name = Base; path = Base.lproj/LaunchScreen.xib; sourceTree = "<group>"; };
		99E92B871A914F1400B5ACD7 /* wineoTests.xctest */ = {isa = PBXFileReference; explicitFileType = wrapper.cfbundle; includeInIndex = 0; path = wineoTests.xctest; sourceTree = BUILT_PRODUCTS_DIR; };
		99E92B8C1A914F1400B5ACD7 /* Info.plist */ = {isa = PBXFileReference; lastKnownFileType = text.plist.xml; path = Info.plist; sourceTree = "<group>"; };
		99E92B8D1A914F1400B5ACD7 /* wineoTests.swift */ = {isa = PBXFileReference; lastKnownFileType = sourcecode.swift; path = wineoTests.swift; sourceTree = "<group>"; };
		99E92B971A914F4200B5ACD7 /* wineo-Bridging-Header.h */ = {isa = PBXFileReference; lastKnownFileType = sourcecode.c.h; path = "wineo-Bridging-Header.h"; sourceTree = "<group>"; };
		99E92B981A914F4200B5ACD7 /* ohai.c */ = {isa = PBXFileReference; fileEncoding = 4; lastKnownFileType = sourcecode.c.c; path = ohai.c; sourceTree = "<group>"; };
		99E92B991A914F4200B5ACD7 /* ohai.h */ = {isa = PBXFileReference; fileEncoding = 4; lastKnownFileType = sourcecode.c.h; path = ohai.h; sourceTree = "<group>"; };
/* End PBXFileReference section */

/* Begin PBXFrameworksBuildPhase section */
		99E92B6F1A914F1400B5ACD7 /* Frameworks */ = {
			isa = PBXFrameworksBuildPhase;
			buildActionMask = 2147483647;
			files = (
			);
			runOnlyForDeploymentPostprocessing = 0;
		};
		99E92B841A914F1400B5ACD7 /* Frameworks */ = {
			isa = PBXFrameworksBuildPhase;
			buildActionMask = 2147483647;
			files = (
			);
			runOnlyForDeploymentPostprocessing = 0;
		};
/* End PBXFrameworksBuildPhase section */

/* Begin PBXGroup section */
		99E92B691A914F1400B5ACD7 = {
			isa = PBXGroup;
			children = (
				99E92B741A914F1400B5ACD7 /* wineo */,
				99E92B8A1A914F1400B5ACD7 /* wineoTests */,
				99E92B731A914F1400B5ACD7 /* Products */,
			);
			sourceTree = "<group>";
		};
		99E92B731A914F1400B5ACD7 /* Products */ = {
			isa = PBXGroup;
			children = (
				99E92B721A914F1400B5ACD7 /* wineo.app */,
				99E92B871A914F1400B5ACD7 /* wineoTests.xctest */,
			);
			name = Products;
			sourceTree = "<group>";
		};
		99E92B741A914F1400B5ACD7 /* wineo */ = {
			isa = PBXGroup;
			children = (
				99E92B771A914F1400B5ACD7 /* AppDelegate.swift */,
				99E92B791A914F1400B5ACD7 /* ViewController.swift */,
				99E92B7B1A914F1400B5ACD7 /* Main.storyboard */,
				99E92B7E1A914F1400B5ACD7 /* Images.xcassets */,
				99E92B801A914F1400B5ACD7 /* LaunchScreen.xib */,
				99E92B751A914F1400B5ACD7 /* Supporting Files */,
				99E92B981A914F4200B5ACD7 /* ohai.c */,
				99E92B991A914F4200B5ACD7 /* ohai.h */,
				99E92B971A914F4200B5ACD7 /* wineo-Bridging-Header.h */,
			);
			path = wineo;
			sourceTree = "<group>";
		};
		99E92B751A914F1400B5ACD7 /* Supporting Files */ = {
			isa = PBXGroup;
			children = (
				99E92B761A914F1400B5ACD7 /* Info.plist */,
			);
			name = "Supporting Files";
			sourceTree = "<group>";
		};
		99E92B8A1A914F1400B5ACD7 /* wineoTests */ = {
			isa = PBXGroup;
			children = (
				99E92B8D1A914F1400B5ACD7 /* wineoTests.swift */,
				99E92B8B1A914F1400B5ACD7 /* Supporting Files */,
			);
			path = wineoTests;
			sourceTree = "<group>";
		};
		99E92B8B1A914F1400B5ACD7 /* Supporting Files */ = {
			isa = PBXGroup;
			children = (
				99E92B8C1A914F1400B5ACD7 /* Info.plist */,
			);
			name = "Supporting Files";
			sourceTree = "<group>";
		};
/* End PBXGroup section */

/* Begin PBXNativeTarget section */
		99E92B711A914F1400B5ACD7 /* wineo */ = {
			isa = PBXNativeTarget;
			buildConfigurationList = 99E92B911A914F1400B5ACD7 /* Build configuration list for PBXNativeTarget "wineo" */;
			buildPhases = (
				99E92B6E1A914F1400B5ACD7 /* Sources */,
				99E92B6F1A914F1400B5ACD7 /* Frameworks */,
				99E92B701A914F1400B5ACD7 /* Resources */,
			);
			buildRules = (
			);
			dependencies = (
			);
			name = wineo;
			productName = wineo;
			productReference = 99E92B721A914F1400B5ACD7 /* wineo.app */;
			productType = "com.apple.product-type.application";
		};
		99E92B861A914F1400B5ACD7 /* wineoTests */ = {
			isa = PBXNativeTarget;
			buildConfigurationList = 99E92B941A914F1400B5ACD7 /* Build configuration list for PBXNativeTarget "wineoTests" */;
			buildPhases = (
				99E92B831A914F1400B5ACD7 /* Sources */,
				99E92B841A914F1400B5ACD7 /* Frameworks */,
				99E92B851A914F1400B5ACD7 /* Resources */,
			);
			buildRules = (
			);
			dependencies = (
				99E92B891A914F1400B5ACD7 /* PBXTargetDependency */,
			);
			name = wineoTests;
			productName = wineoTests;
			productReference = 99E92B871A914F1400B5ACD7 /* wineoTests.xctest */;
			productType = "com.apple.product-type.bundle.unit-test";
		};
/* End PBXNativeTarget section */

/* Begin PBXProject section */
		99E92B6A1A914F1400B5ACD7 /* Project object */ = {
			isa = PBXProject;
			attributes = {
				LastUpgradeCheck = 0610;
				ORGANIZATIONNAME = "Ian Clark";
				TargetAttributes = {
					99E92B711A914F1400B5ACD7 = {
						CreatedOnToolsVersion = 6.1.1;
					};
					99E92B861A914F1400B5ACD7 = {
						CreatedOnToolsVersion = 6.1.1;
						TestTargetID = 99E92B711A914F1400B5ACD7;
					};
				};
			};
			buildConfigurationList = 99E92B6D1A914F1400B5ACD7 /* Build configuration list for PBXProject "wineo" */;
			compatibilityVersion = "Xcode 3.2";
			developmentRegion = English;
			hasScannedForEncodings = 0;
			knownRegions = (
				en,
				Base,
			);
			mainGroup = 99E92B691A914F1400B5ACD7;
			productRefGroup = 99E92B731A914F1400B5ACD7 /* Products */;
			projectDirPath = "";
			projectRoot = "";
			targets = (
				99E92B711A914F1400B5ACD7 /* wineo */,
				99E92B861A914F1400B5ACD7 /* wineoTests */,
			);
		};
/* End PBXProject section */

/* Begin PBXResourcesBuildPhase section */
		99E92B701A914F1400B5ACD7 /* Resources */ = {
			isa = PBXResourcesBuildPhase;
			buildActionMask = 2147483647;
			files = (
				99E92B7D1A914F1400B5ACD7 /* Main.storyboard in Resources */,
				99E92B821A914F1400B5ACD7 /* LaunchScreen.xib in Resources */,
				99E92B7F1A914F1400B5ACD7 /* Images.xcassets in Resources */,
			);
			runOnlyForDeploymentPostprocessing = 0;
		};
		99E92B851A914F1400B5ACD7 /* Resources */ = {
			isa = PBXResourcesBuildPhase;
			buildActionMask = 2147483647;
			files = (
			);
			runOnlyForDeploymentPostprocessing = 0;
		};
/* End PBXResourcesBuildPhase section */

/* Begin PBXSourcesBuildPhase section */
		99E92B6E1A914F1400B5ACD7 /* Sources */ = {
			isa = PBXSourcesBuildPhase;
			buildActionMask = 2147483647;
			files = (
				99E92B9A1A914F4200B5ACD7 /* ohai.c in Sources */,
				99E92B7A1A914F1400B5ACD7 /* ViewController.swift in Sources */,
				99E92B781A914F1400B5ACD7 /* AppDelegate.swift in Sources */,
			);
			runOnlyForDeploymentPostprocessing = 0;
		};
		99E92B831A914F1400B5ACD7 /* Sources */ = {
			isa = PBXSourcesBuildPhase;
			buildActionMask = 2147483647;
			files = (
				99E92B8E1A914F1400B5ACD7 /* wineoTests.swift in Sources */,
			);
			runOnlyForDeploymentPostprocessing = 0;
		};
/* End PBXSourcesBuildPhase section */

/* Begin PBXTargetDependency section */
		99E92B891A914F1400B5ACD7 /* PBXTargetDependency */ = {
			isa = PBXTargetDependency;
			target = 99E92B711A914F1400B5ACD7 /* wineo */;
			targetProxy = 99E92B881A914F1400B5ACD7 /* PBXContainerItemProxy */;
		};
/* End PBXTargetDependency section */

/* Begin PBXVariantGroup section */
		99E92B7B1A914F1400B5ACD7 /* Main.storyboard */ = {
			isa = PBXVariantGroup;
			children = (
				99E92B7C1A914F1400B5ACD7 /* Base */,
			);
			name = Main.storyboard;
			sourceTree = "<group>";
		};
		99E92B801A914F1400B5ACD7 /* LaunchScreen.xib */ = {
			isa = PBXVariantGroup;
			children = (
				99E92B811A914F1400B5ACD7 /* Base */,
			);
			name = LaunchScreen.xib;
			sourceTree = "<group>";
		};
/* End PBXVariantGroup section */

/* Begin XCBuildConfiguration section */
		99E92B8F1A914F1400B5ACD7 /* Debug */ = {
			isa = XCBuildConfiguration;
			buildSettings = {
				ALWAYS_SEARCH_USER_PATHS = NO;
				CLANG_CXX_LANGUAGE_STANDARD = "gnu++0x";
				CLANG_CXX_LIBRARY = "libc++";
				CLANG_ENABLE_MODULES = YES;
				CLANG_ENABLE_OBJC_ARC = YES;
				CLANG_WARN_BOOL_CONVERSION = YES;
				CLANG_WARN_CONSTANT_CONVERSION = YES;
				CLANG_WARN_DIRECT_OBJC_ISA_USAGE = YES_ERROR;
				CLANG_WARN_EMPTY_BODY = YES;
				CLANG_WARN_ENUM_CONVERSION = YES;
				CLANG_WARN_INT_CONVERSION = YES;
				CLANG_WARN_OBJC_ROOT_CLASS = YES_ERROR;
				CLANG_WARN_UNREACHABLE_CODE = YES;
				CLANG_WARN__DUPLICATE_METHOD_MATCH = YES;
				"CODE_SIGN_IDENTITY[sdk=iphoneos*]" = "iPhone Developer";
				COPY_PHASE_STRIP = NO;
				ENABLE_STRICT_OBJC_MSGSEND = YES;
				GCC_C_LANGUAGE_STANDARD = gnu99;
				GCC_DYNAMIC_NO_PIC = NO;
				GCC_OPTIMIZATION_LEVEL = 0;
				GCC_PREPROCESSOR_DEFINITIONS = (
					"DEBUG=1",
					"$(inherited)",
				);
				GCC_SYMBOLS_PRIVATE_EXTERN = NO;
				GCC_WARN_64_TO_32_BIT_CONVERSION = YES;
				GCC_WARN_ABOUT_RETURN_TYPE = YES_ERROR;
				GCC_WARN_UNDECLARED_SELECTOR = YES;
				GCC_WARN_UNINITIALIZED_AUTOS = YES_AGGRESSIVE;
				GCC_WARN_UNUSED_FUNCTION = YES;
				GCC_WARN_UNUSED_VARIABLE = YES;
				IPHONEOS_DEPLOYMENT_TARGET = 8.1;
				MTL_ENABLE_DEBUG_INFO = YES;
				ONLY_ACTIVE_ARCH = YES;
				SDKROOT = iphoneos;
				SWIFT_OPTIMIZATION_LEVEL = "-Onone";
			};
			name = Debug;
		};
		99E92B901A914F1400B5ACD7 /* Release */ = {
			isa = XCBuildConfiguration;
			buildSettings = {
				ALWAYS_SEARCH_USER_PATHS = NO;
				CLANG_CXX_LANGUAGE_STANDARD = "gnu++0x";
				CLANG_CXX_LIBRARY = "libc++";
				CLANG_ENABLE_MODULES = YES;
				CLANG_ENABLE_OBJC_ARC = YES;
				CLANG_WARN_BOOL_CONVERSION = YES;
				CLANG_WARN_CONSTANT_CONVERSION = YES;
				CLANG_WARN_DIRECT_OBJC_ISA_USAGE = YES_ERROR;
				CLANG_WARN_EMPTY_BODY = YES;
				CLANG_WARN_ENUM_CONVERSION = YES;
				CLANG_WARN_INT_CONVERSION = YES;
				CLANG_WARN_OBJC_ROOT_CLASS = YES_ERROR;
				CLANG_WARN_UNREACHABLE_CODE = YES;
				CLANG_WARN__DUPLICATE_METHOD_MATCH = YES;
				"CODE_SIGN_IDENTITY[sdk=iphoneos*]" = "iPhone Developer";
				COPY_PHASE_STRIP = YES;
				ENABLE_NS_ASSERTIONS = NO;
				ENABLE_STRICT_OBJC_MSGSEND = YES;
				GCC_C_LANGUAGE_STANDARD = gnu99;
				GCC_WARN_64_TO_32_BIT_CONVERSION = YES;
				GCC_WARN_ABOUT_RETURN_TYPE = YES_ERROR;
				GCC_WARN_UNDECLARED_SELECTOR = YES;
				GCC_WARN_UNINITIALIZED_AUTOS = YES_AGGRESSIVE;
				GCC_WARN_UNUSED_FUNCTION = YES;
				GCC_WARN_UNUSED_VARIABLE = YES;
				IPHONEOS_DEPLOYMENT_TARGET = 8.1;
				MTL_ENABLE_DEBUG_INFO = NO;
				SDKROOT = iphoneos;
				VALIDATE_PRODUCT = YES;
			};
			name = Release;
		};
		99E92B921A914F1400B5ACD7 /* Debug */ = {
			isa = XCBuildConfiguration;
			buildSettings = {
				ASSETCATALOG_COMPILER_APPICON_NAME = AppIcon;
				CLANG_ENABLE_MODULES = YES;
				INFOPLIST_FILE = wineo/Info.plist;
				LD_RUNPATH_SEARCH_PATHS = "$(inherited) @executable_path/Frameworks";
				PRODUCT_NAME = "$(TARGET_NAME)";
				SWIFT_OBJC_BRIDGING_HEADER = "wineo/wineo-Bridging-Header.h";
				SWIFT_OPTIMIZATION_LEVEL = "-Onone";
			};
			name = Debug;
		};
		99E92B931A914F1400B5ACD7 /* Release */ = {
			isa = XCBuildConfiguration;
			buildSettings = {
				ASSETCATALOG_COMPILER_APPICON_NAME = AppIcon;
				CLANG_ENABLE_MODULES = YES;
				INFOPLIST_FILE = wineo/Info.plist;
				LD_RUNPATH_SEARCH_PATHS = "$(inherited) @executable_path/Frameworks";
				PRODUCT_NAME = "$(TARGET_NAME)";
				SWIFT_OBJC_BRIDGING_HEADER = "wineo/wineo-Bridging-Header.h";
			};
			name = Release;
		};
		99E92B951A914F1400B5ACD7 /* Debug */ = {
			isa = XCBuildConfiguration;
			buildSettings = {
				BUNDLE_LOADER = "$(TEST_HOST)";
				FRAMEWORK_SEARCH_PATHS = (
					"$(SDKROOT)/Developer/Library/Frameworks",
					"$(inherited)",
				);
				GCC_PREPROCESSOR_DEFINITIONS = (
					"DEBUG=1",
					"$(inherited)",
				);
				INFOPLIST_FILE = wineoTests/Info.plist;
				LD_RUNPATH_SEARCH_PATHS = "$(inherited) @executable_path/Frameworks @loader_path/Frameworks";
				PRODUCT_NAME = "$(TARGET_NAME)";
				TEST_HOST = "$(BUILT_PRODUCTS_DIR)/wineo.app/wineo";
			};
			name = Debug;
		};
		99E92B961A914F1400B5ACD7 /* Release */ = {
			isa = XCBuildConfiguration;
			buildSettings = {
				BUNDLE_LOADER = "$(TEST_HOST)";
				FRAMEWORK_SEARCH_PATHS = (
					"$(SDKROOT)/Developer/Library/Frameworks",
					"$(inherited)",
				);
				INFOPLIST_FILE = wineoTests/Info.plist;
				LD_RUNPATH_SEARCH_PATHS = "$(inherited) @executable_path/Frameworks @loader_path/Frameworks";
				PRODUCT_NAME = "$(TARGET_NAME)";
				TEST_HOST = "$(BUILT_PRODUCTS_DIR)/wineo.app/wineo";
			};
			name = Release;
		};
/* End XCBuildConfiguration section */

/* Begin XCConfigurationList section */
		99E92B6D1A914F1400B5ACD7 /* Build configuration list for PBXProject "wineo" */ = {
			isa = XCConfigurationList;
			buildConfigurations = (
				99E92B8F1A914F1400B5ACD7 /* Debug */,
				99E92B901A914F1400B5ACD7 /* Release */,
			);
			defaultConfigurationIsVisible = 0;
			defaultConfigurationName = Release;
		};
		99E92B911A914F1400B5ACD7 /* Build configuration list for PBXNativeTarget "wineo" */ = {
			isa = XCConfigurationList;
			buildConfigurations = (
				99E92B921A914F1400B5ACD7 /* Debug */,
				99E92B931A914F1400B5ACD7 /* Release */,
			);
			defaultConfigurationIsVisible = 0;
		};
		99E92B941A914F1400B5ACD7 /* Build configuration list for PBXNativeTarget "wineoTests" */ = {
			isa = XCConfigurationList;
			buildConfigurations = (
				99E92B951A914F1400B5ACD7 /* Debug */,
				99E92B961A914F1400B5ACD7 /* Release */,
			);
			defaultConfigurationIsVisible = 0;
		};
/* End XCConfigurationList section */
	};
	rootObject = 99E92B6A1A914F1400B5ACD7 /* Project object */;
}
